Microsoft Visual Studio Solution File, Format Version 12.00
# Visual Studio Version 17
VisualStudioVersion = 17.5.2.0
MinimumVisualStudioVersion = 10.0.40219.1
Project("{FAE04EC0-301F-11D3-BF4B-00C04F79EFBC}") = "SecureChatBackend", "SecureChatBackend.csproj", "{A70723E6-739C-993C-2241-BE5E4655562B}"
EndProject
Global
	GlobalSection(SolutionConfigurationPlatforms) = preSolution
		Debug|Any CPU = Debug|Any CPU
		Release|Any CPU = Release|Any CPU
	EndGlobalSection
	GlobalSection(ProjectConfigurationPlatforms) = postSolution
		{A70723E6-739C-993C-2241-BE5E4655562B}.Debug|Any CPU.ActiveCfg = Debug|Any CPU
		{A70723E6-739C-993C-2241-BE5E4655562B}.Debug|Any CPU.Build.0 = Debug|Any CPU
		{A70723E6-739C-993C-2241-BE5E4655562B}.Release|Any CPU.ActiveCfg = Release|Any CPU
		{A70723E6-739C-993C-2241-BE5E4655562B}.Release|Any CPU.Build.0 = Release|Any CPU
	EndGlobalSection
	GlobalSection(SolutionProperties) = preSolution
		HideSolutionNode = FALSE
	EndGlobalSection
	GlobalSection(ExtensibilityGlobals) = postSolution
		SolutionGuid = {7FEB37EA-098C-48FF-B41F-F4771F34824A}
	EndGlobalSection
EndGlobal
